<?xml version="1.0" encoding="utf-8"?>
<Project ToolsVersion="4.0" xmlns="http://schemas.microsoft.com/developer/msbuild/2003">
  <ItemGroup>
    <Filter Include="Source Files">
      <UniqueIdentifier>{a509e46c-88aa-4b2c-8039-9529979150ba}</UniqueIdentifier>
      <Extensions>cpp;c;cxx;def;odl;idl;hpj;bat;asm</Extensions>
    </Filter>
    <Filter Include="Header Files">
      <UniqueIdentifier>{b84fe1d1-39ee-4f50-b8ce-c438a9979ae1}</UniqueIdentifier>
      <Extensions>h;hpp;hxx;hm;inl;inc</Extensions>
    </Filter>
    <Filter Include="Resource Files">
      <UniqueIdentifier>{f381df6a-a40c-4b0e-a182-6021b8129d4f}</UniqueIdentifier>
      <Extensions>rc;ico;cur;bmp;dlg;rc2;rct;bin;rgs;jpg;jpeg;jpe;manifest</Extensions>
    </Filter>
    <Filter Include="SoUI Resource">
      <UniqueIdentifier>{72e3829b-ef28-40d7-a608-3ca745a764fb}</UniqueIdentifier>
      <Extensions>idx;xml;png;gif;jpg;ico;lua;bmp</Extensions>
    </Filter>
  </ItemGroup>
  <ItemGroup>
    <Text Include="license.txt" />
    <Text Include="readme.txt" />
  </ItemGroup>
  <ItemGroup>
    <ClCompile Include="StockMarket.cpp">
      <Filter>Source Files</Filter>
    </ClCompile>
    <ClCompile Include="MainDlg.cpp">
      <Filter>Source Files</Filter>
    </ClCompile>
    <ClCompile Include="stdafx.cpp">
      <Filter>Source Files</Filter>
    </ClCompile>
    <ClCompile Include="SColorListCtrlEx.cpp">
      <Filter>Source Files</Filter>
    </ClCompile>
    <ClCompile Include="SHeaderCtrlEx.cpp">
      <Filter>Source Files</Filter>
    </ClCompile>
    <ClCompile Include="Define.cpp">
      <Filter>Source Files</Filter>
    </ClCompile>
    <ClCompile Include="NetWorkClient.cpp">
      <Filter>Source Files</Filter>
    </ClCompile>
    <ClCompile Include="IniFile.cpp">
      <Filter>Source Files</Filter>
    </ClCompile>
    <ClCompile Include="DataProc.cpp">
      <Filter>Source Files</Filter>
    </ClCompile>
    <ClCompile Include="DlgKbElf.cpp">
      <Filter>Source Files</Filter>
    </ClCompile>
    <ClCompile Include="DealList.cpp">
      <Filter>Source Files</Filter>
    </ClCompile>
    <ClCompile Include="PriceList.cpp">
      <Filter>Source Files</Filter>
    </ClCompile>
    <ClCompile Include="SKlineTip.cpp">
      <Filter>Source Files</Filter>
    </ClCompile>
    <ClCompile Include="SSubPic.cpp">
      <Filter>Source Files</Filter>
    </ClCompile>
    <ClCompile Include="SFenShiPic.cpp">
      <Filter>Source Files</Filter>
    </ClCompile>
    <ClCompile Include="SKlinePic.cpp">
      <Filter>Source Files</Filter>
    </ClCompile>
    <ClCompile Include="SSubTargetPic.cpp">
      <Filter>Source Files</Filter>
    </ClCompile>
    <ClCompile Include="DlgBandPara.cpp">
      <Filter>Source Files</Filter>
    </ClCompile>
    <ClCompile Include="DlgEmaPara.cpp">
      <Filter>Source Files</Filter>
    </ClCompile>
    <ClCompile Include="DlgMacdPara.cpp">
      <Filter>Source Files</Filter>
    </ClCompile>
    <ClCompile Include="DlgMaPara.cpp">
      <Filter>Source Files</Filter>
    </ClCompile>
    <ClCompile Include="DlgLogin.cpp">
      <Filter>Source Files</Filter>
    </ClCompile>
    <ClCompile Include="WorkWnd.cpp">
      <Filter>Source Files</Filter>
    </ClCompile>
    <ClCompile Include="WndSynHandler.cpp">
      <Filter>Source Files</Filter>
    </ClCompile>
    <ClCompile Include="SouiRealWndHandler.cpp">
      <Filter>Source Files</Filter>
    </ClCompile>
    <ClCompile Include="DlgSub.cpp">
      <Filter>Source Files</Filter>
    </ClCompile>
    <ClCompile Include="DlgAddNew.cpp">
      <Filter>Source Files</Filter>
    </ClCompile>
    <ClCompile Include="DlgOpenWnd.cpp">
      <Filter>Source Files</Filter>
    </ClCompile>
    <ClCompile Include="DlgStockFilter.cpp">
      <Filter>Source Files</Filter>
    </ClCompile>
  </ItemGroup>
  <ItemGroup>
    <ResourceCompile Include="StockMarket.rc">
      <Filter>Resource Files</Filter>
    </ResourceCompile>
  </ItemGroup>
  <ItemGroup>
    <ClInclude Include="MainDlg.h">
      <Filter>Header Files</Filter>
    </ClInclude>
    <ClInclude Include="resource.h">
      <Filter>Header Files</Filter>
    </ClInclude>
    <ClInclude Include="stdafx.h">
      <Filter>Header Files</Filter>
    </ClInclude>
    <ClInclude Include="SHeaderCtrlEx.h">
      <Filter>Header Files</Filter>
    </ClInclude>
    <ClInclude Include="Define.h">
      <Filter>Header Files</Filter>
    </ClInclude>
    <ClInclude Include="NetWorkClient.h">
      <Filter>Header Files</Filter>
    </ClInclude>
    <ClInclude Include="IniFile.h">
      <Filter>Header Files</Filter>
    </ClInclude>
    <ClInclude Include="DataProc.h">
      <Filter>Header Files</Filter>
    </ClInclude>
    <ClInclude Include="SColorListCtrlEx.h">
      <Filter>Header Files</Filter>
    </ClInclude>
    <ClInclude Include="DlgKbElf.h">
      <Filter>Header Files</Filter>
    </ClInclude>
    <ClInclude Include="DealList.h">
      <Filter>Header Files</Filter>
    </ClInclude>
    <ClInclude Include="PriceList.h">
      <Filter>Header Files</Filter>
    </ClInclude>
    <ClInclude Include="SKlineTip.h">
      <Filter>Header Files</Filter>
    </ClInclude>
    <ClInclude Include="SSubPic.h">
      <Filter>Header Files</Filter>
    </ClInclude>
    <ClInclude Include="SFenShiPic.h">
      <Filter>Header Files</Filter>
    </ClInclude>
    <ClInclude Include="SKlinePic.h">
      <Filter>Header Files</Filter>
    </ClInclude>
    <ClInclude Include="SSubTargetPic.h">
      <Filter>Header Files</Filter>
    </ClInclude>
    <ClInclude Include="DlgBandPara.h">
      <Filter>Header Files</Filter>
    </ClInclude>
    <ClInclude Include="DlgEmaPara.h">
      <Filter>Header Files</Filter>
    </ClInclude>
    <ClInclude Include="DlgMacdPara.h">
      <Filter>Header Files</Filter>
    </ClInclude>
    <ClInclude Include="DlgMaPara.h">
      <Filter>Header Files</Filter>
    </ClInclude>
    <ClInclude Include="DlgLogin.h">
      <Filter>Header Files</Filter>
    </ClInclude>
    <ClInclude Include="WorkWnd.h">
      <Filter>Header Files</Filter>
    </ClInclude>
    <ClInclude Include="WndSynHandler.h">
      <Filter>Header Files</Filter>
    </ClInclude>
    <ClInclude Include="SouiRealWndHandler.h">
      <Filter>Header Files</Filter>
    </ClInclude>
    <ClInclude Include="DlgSub.h">
      <Filter>Header Files</Filter>
    </ClInclude>
    <ClInclude Include="DlgAddNew.h">
      <Filter>Header Files</Filter>
    </ClInclude>
    <ClInclude Include="DlgOpenWnd.h">
      <Filter>Header Files</Filter>
    </ClInclude>
    <ClInclude Include="DlgStockFilter.h">
      <Filter>Header Files</Filter>
    </ClInclude>
  </ItemGroup>
  <ItemGroup>
    <None Include="res\soui_res.rc2">
      <Filter>Resource Files</Filter>
    </None>
  </ItemGroup>
  <ItemGroup>
    <Xml Include="uires\uidef\init.xml">
      <Filter>SoUI Resource</Filter>
    </Xml>
    <Xml Include="uires\values\color.xml">
      <Filter>SoUI Resource</Filter>
    </Xml>
    <Xml Include="uires\values\skin.xml">
      <Filter>SoUI Resource</Filter>
    </Xml>
    <Xml Include="uires\values\string.xml">
      <Filter>SoUI Resource</Filter>
    </Xml>
    <Xml Include="uires\xml\dlg_main.xml">
      <Filter>SoUI Resource</Filter>
    </Xml>
  </ItemGroup>
  <ItemGroup>
    <Image Include="uires\image\soui.ico">
      <Filter>SoUI Resource</Filter>
    </Image>
  </ItemGroup>
  <ItemGroup>
    <CustomBuild Include="uires\uires.idx">
      <Filter>SoUI Resource</Filter>
    </CustomBuild>
  </ItemGroup>
</Project>